
Microsoft Visual Studio Solution File, Format Version 12.00
# Visual Studio Version 17
VisualStudioVersion = 17.10.34928.147
MinimumVisualStudioVersion = 10.0.40219.1
Project("{2150E333-8FDC-42A3-9474-1A3956D46DE8}") = "tests", "tests", "{434E841E-6257-4D7F-AD8C-00378D7DDC62}"
EndProject
Project("{2150E333-8FDC-42A3-9474-1A3956D46DE8}") = "Integration", "Integration", "{2905039F-7CEE-4220-B73F-3D9C03DEBC30}"
EndProject
Project("{9A19103F-16F7-4668-BE54-9A1E7A4F7556}") = "SolutionTest", "SolutionTest\SolutionTest.csproj", "{43B09723-3FB7-4AEF-ADDB-720DDEC6521F}"
EndProject
Project("{2150E333-8FDC-42A3-9474-1A3956D46DE8}") = "src", "src", "{AE6BE95E-45B3-45AA-B2E1-D17C9BB7AE91}"
EndProject
Project("{2150E333-8FDC-42A3-9474-1A3956D46DE8}") = "Api", "Api", "{2DFC96B6-EB4E-46FB-9222-96A26DB4BED1}"
EndProject
Project("{2150E333-8FDC-42A3-9474-1A3956D46DE8}") = "Shared", "Shared", "{77F4C841-1D90-4F70-8014-2DAAA6E6A8B0}"
EndProject
Project("{2150E333-8FDC-42A3-9474-1A3956D46DE8}") = "Services", "Services", "{52DA9E2D-76CA-417E-8E88-897C1860FFF7}"
EndProject
Project("{FAE04EC0-301F-11D3-BF4B-00C04F79EFBC}") = "Api", "src\Api\Api.csproj", "{764F5582-A0A2-4B61-B27D-8DFC2B9B350E}"
EndProject
Project("{9A19103F-16F7-4668-BE54-9A1E7A4F7556}") = "Services", "src\Services\Services.csproj", "{5B7BFC57-567A-457A-8683-166CE90345D8}"
EndProject
Project("{FAE04EC0-301F-11D3-BF4B-00C04F79EFBC}") = "Shared", "src\Shared\Shared.csproj", "{1998DE9A-671C-4651-8DAD-1BCA4B7A3275}"
EndProject
Global
	GlobalSection(SolutionConfigurationPlatforms) = preSolution
		Debug|Any CPU = Debug|Any CPU
		Release|Any CPU = Release|Any CPU
	EndGlobalSection
	GlobalSection(ProjectConfigurationPlatforms) = postSolution
		{43B09723-3FB7-4AEF-ADDB-720DDEC6521F}.Debug|Any CPU.ActiveCfg = Debug|Any CPU
		{43B09723-3FB7-4AEF-ADDB-720DDEC6521F}.Debug|Any CPU.Build.0 = Debug|Any CPU
		{43B09723-3FB7-4AEF-ADDB-720DDEC6521F}.Release|Any CPU.ActiveCfg = Release|Any CPU
		{43B09723-3FB7-4AEF-ADDB-720DDEC6521F}.Release|Any CPU.Build.0 = Release|Any CPU
		{764F5582-A0A2-4B61-B27D-8DFC2B9B350E}.Debug|Any CPU.ActiveCfg = Debug|Any CPU
		{764F5582-A0A2-4B61-B27D-8DFC2B9B350E}.Debug|Any CPU.Build.0 = Debug|Any CPU
		{764F5582-A0A2-4B61-B27D-8DFC2B9B350E}.Release|Any CPU.ActiveCfg = Release|Any CPU
		{764F5582-A0A2-4B61-B27D-8DFC2B9B350E}.Release|Any CPU.Build.0 = Release|Any CPU
		{5B7BFC57-567A-457A-8683-166CE90345D8}.Debug|Any CPU.ActiveCfg = Debug|Any CPU
		{5B7BFC57-567A-457A-8683-166CE90345D8}.Debug|Any CPU.Build.0 = Debug|Any CPU
		{5B7BFC57-567A-457A-8683-166CE90345D8}.Release|Any CPU.ActiveCfg = Release|Any CPU
		{5B7BFC57-567A-457A-8683-166CE90345D8}.Release|Any CPU.Build.0 = Release|Any CPU
		{1998DE9A-671C-4651-8DAD-1BCA4B7A3275}.Debug|Any CPU.ActiveCfg = Debug|Any CPU
		{1998DE9A-671C-4651-8DAD-1BCA4B7A3275}.Debug|Any CPU.Build.0 = Debug|Any CPU
		{1998DE9A-671C-4651-8DAD-1BCA4B7A3275}.Release|Any CPU.ActiveCfg = Release|Any CPU
		{1998DE9A-671C-4651-8DAD-1BCA4B7A3275}.Release|Any CPU.Build.0 = Release|Any CPU
	EndGlobalSection
	GlobalSection(SolutionProperties) = preSolution
		HideSolutionNode = FALSE
	EndGlobalSection
	GlobalSection(NestedProjects) = preSolution
		{2905039F-7CEE-4220-B73F-3D9C03DEBC30} = {434E841E-6257-4D7F-AD8C-00378D7DDC62}
		{43B09723-3FB7-4AEF-ADDB-720DDEC6521F} = {2905039F-7CEE-4220-B73F-3D9C03DEBC30}
		{2DFC96B6-EB4E-46FB-9222-96A26DB4BED1} = {AE6BE95E-45B3-45AA-B2E1-D17C9BB7AE91}
		{77F4C841-1D90-4F70-8014-2DAAA6E6A8B0} = {AE6BE95E-45B3-45AA-B2E1-D17C9BB7AE91}
		{52DA9E2D-76CA-417E-8E88-897C1860FFF7} = {AE6BE95E-45B3-45AA-B2E1-D17C9BB7AE91}
		{764F5582-A0A2-4B61-B27D-8DFC2B9B350E} = {2DFC96B6-EB4E-46FB-9222-96A26DB4BED1}
		{5B7BFC57-567A-457A-8683-166CE90345D8} = {52DA9E2D-76CA-417E-8E88-897C1860FFF7}
		{1998DE9A-671C-4651-8DAD-1BCA4B7A3275} = {77F4C841-1D90-4F70-8014-2DAAA6E6A8B0}
	EndGlobalSection
	GlobalSection(ExtensibilityGlobals) = postSolution
		SolutionGuid = {4668AA49-F96B-4231-8AC5-1EF1DDD88C7A}
	EndGlobalSection
EndGlobal
