
Microsoft Visual Studio Solution File, Format Version 12.00
# Visual Studio Version 17
VisualStudioVersion = 17.10.34928.147
MinimumVisualStudioVersion = 10.0.40219.1
Project("{FAE04EC0-301F-11D3-BF4B-00C04F79EFBC}") = "WebApi", "WebApi\WebApi.csproj", "{4A502366-F826-4622-B0FB-33498486FAA1}"
EndProject
Project("{2150E333-8FDC-42A3-9474-1A3956D46DE8}") = "Shared", "Shared", "{088F44BB-39D0-46AD-B2B9-F970FF54A262}"
EndProject
Project("{FAE04EC0-301F-11D3-BF4B-00C04F79EFBC}") = "Shared", "src\Shared\Shared.csproj", "{29AC5BB9-0472-44FB-AC1B-B7D61C1EDF0B}"
EndProject
Project("{2150E333-8FDC-42A3-9474-1A3956D46DE8}") = "Api", "Api", "{0532B846-3BBF-462D-9045-4CC684AEB0B2}"
EndProject
Project("{2150E333-8FDC-42A3-9474-1A3956D46DE8}") = "Client", "Client", "{A8BB22C2-1A86-4610-829A-F80D088F7E63}"
EndProject
Project("{2150E333-8FDC-42A3-9474-1A3956D46DE8}") = "src", "src", "{3F24ADB8-410E-4CF1-9090-D51794593158}"
EndProject
Project("{2150E333-8FDC-42A3-9474-1A3956D46DE8}") = "tests", "tests", "{434E841E-6257-4D7F-AD8C-00378D7DDC62}"
EndProject
Project("{2150E333-8FDC-42A3-9474-1A3956D46DE8}") = "_Core", "_Core", "{D18F2C9B-D11E-40DB-B7AF-9CAA9D9FC763}"
EndProject
Project("{FAE04EC0-301F-11D3-BF4B-00C04F79EFBC}") = "Core", "src\Core\Core.csproj", "{F2A071ED-D326-4E89-8AFD-324FDF706408}"
EndProject
Project("{FAE04EC0-301F-11D3-BF4B-00C04F79EFBC}") = "Services", "Services\Services.csproj", "{123C9CE4-34A4-4146-9782-5BDC7B6C38EB}"
EndProject
Project("{2150E333-8FDC-42A3-9474-1A3956D46DE8}") = "Integration", "Integration", "{2905039F-7CEE-4220-B73F-3D9C03DEBC30}"
EndProject
Project("{FAE04EC0-301F-11D3-BF4B-00C04F79EFBC}") = "SolutionTest", "SolutionTest\SolutionTest.csproj", "{43B09723-3FB7-4AEF-ADDB-720DDEC6521F}"
EndProject
Global
	GlobalSection(SolutionConfigurationPlatforms) = preSolution
		Debug|Any CPU = Debug|Any CPU
		Release|Any CPU = Release|Any CPU
	EndGlobalSection
	GlobalSection(ProjectConfigurationPlatforms) = postSolution
		{4A502366-F826-4622-B0FB-33498486FAA1}.Debug|Any CPU.ActiveCfg = Debug|Any CPU
		{4A502366-F826-4622-B0FB-33498486FAA1}.Debug|Any CPU.Build.0 = Debug|Any CPU
		{4A502366-F826-4622-B0FB-33498486FAA1}.Release|Any CPU.ActiveCfg = Release|Any CPU
		{4A502366-F826-4622-B0FB-33498486FAA1}.Release|Any CPU.Build.0 = Release|Any CPU
		{29AC5BB9-0472-44FB-AC1B-B7D61C1EDF0B}.Debug|Any CPU.ActiveCfg = Debug|Any CPU
		{29AC5BB9-0472-44FB-AC1B-B7D61C1EDF0B}.Debug|Any CPU.Build.0 = Debug|Any CPU
		{29AC5BB9-0472-44FB-AC1B-B7D61C1EDF0B}.Release|Any CPU.ActiveCfg = Release|Any CPU
		{29AC5BB9-0472-44FB-AC1B-B7D61C1EDF0B}.Release|Any CPU.Build.0 = Release|Any CPU
		{F2A071ED-D326-4E89-8AFD-324FDF706408}.Debug|Any CPU.ActiveCfg = Debug|Any CPU
		{F2A071ED-D326-4E89-8AFD-324FDF706408}.Debug|Any CPU.Build.0 = Debug|Any CPU
		{F2A071ED-D326-4E89-8AFD-324FDF706408}.Release|Any CPU.ActiveCfg = Release|Any CPU
		{F2A071ED-D326-4E89-8AFD-324FDF706408}.Release|Any CPU.Build.0 = Release|Any CPU
		{123C9CE4-34A4-4146-9782-5BDC7B6C38EB}.Debug|Any CPU.ActiveCfg = Debug|Any CPU
		{123C9CE4-34A4-4146-9782-5BDC7B6C38EB}.Debug|Any CPU.Build.0 = Debug|Any CPU
		{123C9CE4-34A4-4146-9782-5BDC7B6C38EB}.Release|Any CPU.ActiveCfg = Release|Any CPU
		{123C9CE4-34A4-4146-9782-5BDC7B6C38EB}.Release|Any CPU.Build.0 = Release|Any CPU
		{43B09723-3FB7-4AEF-ADDB-720DDEC6521F}.Debug|Any CPU.ActiveCfg = Debug|Any CPU
		{43B09723-3FB7-4AEF-ADDB-720DDEC6521F}.Debug|Any CPU.Build.0 = Debug|Any CPU
		{43B09723-3FB7-4AEF-ADDB-720DDEC6521F}.Release|Any CPU.ActiveCfg = Release|Any CPU
		{43B09723-3FB7-4AEF-ADDB-720DDEC6521F}.Release|Any CPU.Build.0 = Release|Any CPU
	EndGlobalSection
	GlobalSection(SolutionProperties) = preSolution
		HideSolutionNode = FALSE
	EndGlobalSection
	GlobalSection(NestedProjects) = preSolution
		{4A502366-F826-4622-B0FB-33498486FAA1} = {0532B846-3BBF-462D-9045-4CC684AEB0B2}
		{088F44BB-39D0-46AD-B2B9-F970FF54A262} = {3F24ADB8-410E-4CF1-9090-D51794593158}
		{29AC5BB9-0472-44FB-AC1B-B7D61C1EDF0B} = {088F44BB-39D0-46AD-B2B9-F970FF54A262}
		{0532B846-3BBF-462D-9045-4CC684AEB0B2} = {3F24ADB8-410E-4CF1-9090-D51794593158}
		{A8BB22C2-1A86-4610-829A-F80D088F7E63} = {3F24ADB8-410E-4CF1-9090-D51794593158}
		{D18F2C9B-D11E-40DB-B7AF-9CAA9D9FC763} = {3F24ADB8-410E-4CF1-9090-D51794593158}
		{F2A071ED-D326-4E89-8AFD-324FDF706408} = {D18F2C9B-D11E-40DB-B7AF-9CAA9D9FC763}
		{123C9CE4-34A4-4146-9782-5BDC7B6C38EB} = {D18F2C9B-D11E-40DB-B7AF-9CAA9D9FC763}
		{2905039F-7CEE-4220-B73F-3D9C03DEBC30} = {434E841E-6257-4D7F-AD8C-00378D7DDC62}
		{43B09723-3FB7-4AEF-ADDB-720DDEC6521F} = {2905039F-7CEE-4220-B73F-3D9C03DEBC30}
	EndGlobalSection
	GlobalSection(ExtensibilityGlobals) = postSolution
		SolutionGuid = {4668AA49-F96B-4231-8AC5-1EF1DDD88C7A}
	EndGlobalSection
EndGlobal
